
Microsoft Visual Studio Solution File, Format Version 12.00
# Visual Studio Version 17
VisualStudioVersion = 17.8.34525.116
MinimumVisualStudioVersion = 10.0.40219.1
Project("{FAE04EC0-301F-11D3-BF4B-00C04F79EFBC}") = "pandanhouse", "pandanhouse.csproj", "{0AB5CC1F-74BC-41B4-8F17-4ECF9A3CE85E}"
EndProject
Global
	GlobalSection(SolutionConfigurationPlatforms) = preSolution
		Debug|Any CPU = Debug|Any CPU
		Release|Any CPU = Release|Any CPU
	EndGlobalSection
	GlobalSection(ProjectConfigurationPlatforms) = postSolution
		{0AB5CC1F-74BC-41B4-8F17-4ECF9A3CE85E}.Debug|Any CPU.ActiveCfg = Debug|Any CPU
		{0AB5CC1F-74BC-41B4-8F17-4ECF9A3CE85E}.Debug|Any CPU.Build.0 = Debug|Any CPU
		{0AB5CC1F-74BC-41B4-8F17-4ECF9A3CE85E}.Release|Any CPU.ActiveCfg = Release|Any CPU
		{0AB5CC1F-74BC-41B4-8F17-4ECF9A3CE85E}.Release|Any CPU.Build.0 = Release|Any CPU
	EndGlobalSection
	GlobalSection(SolutionProperties) = preSolution
		HideSolutionNode = FALSE
	EndGlobalSection
	GlobalSection(ExtensibilityGlobals) = postSolution
		SolutionGuid = {B40B9F43-B22F-4442-9B96-B7CEB8451C51}
	EndGlobalSection
EndGlobal
